// !$*UTF8*$!
{
	archiveVersion = 1;
	classes = {
	};
	objectVersion = 50;
	objects = {

/* Begin PBXBuildFile section */
		D2632F89260E3DAF00CFAEC6 /* AppDelegate.swift in Sources */ = {isa = PBXBuildFile; fileRef = D2632F88260E3DAF00CFAEC6 /* AppDelegate.swift */; };
		D2632F8B260E3DAF00CFAEC6 /* SceneDelegate.swift in Sources */ = {isa = PBXBuildFile; fileRef = D2632F8A260E3DAF00CFAEC6 /* SceneDelegate.swift */; };
		D2632F92260E3DB900CFAEC6 /* Assets.xcassets in Resources */ = {isa = PBXBuildFile; fileRef = D2632F91260E3DB900CFAEC6 /* Assets.xcassets */; };
		D2632FA8260E43DC00CFAEC6 /* hipo.json in Resources */ = {isa = PBXBuildFile; fileRef = D2632FA7260E43DC00CFAEC6 /* hipo.json */; };
		D2632FAB260E444900CFAEC6 /* Member.swift in Sources */ = {isa = PBXBuildFile; fileRef = D2632FAA260E444900CFAEC6 /* Member.swift */; };
		D2632FAE260E446200CFAEC6 /* Hipo.swift in Sources */ = {isa = PBXBuildFile; fileRef = D2632FAD260E446200CFAEC6 /* Hipo.swift */; };
		D2632FB1260E449500CFAEC6 /* Company.swift in Sources */ = {isa = PBXBuildFile; fileRef = D2632FB0260E449500CFAEC6 /* Company.swift */; };
		D2632FB5260E459900CFAEC6 /* ListViewController.swift in Sources */ = {isa = PBXBuildFile; fileRef = D2632FB4260E459900CFAEC6 /* ListViewController.swift */; };
		D2632FB9260E471000CFAEC6 /* Bundle+Extension.swift in Sources */ = {isa = PBXBuildFile; fileRef = D2632FB8260E471000CFAEC6 /* Bundle+Extension.swift */; };
		D2965FAB260F3BF30009F9A4 /* UCButton.swift in Sources */ = {isa = PBXBuildFile; fileRef = D2965FAA260F3BF30009F9A4 /* UCButton.swift */; };
		D2965FAF260F42460009F9A4 /* UIButton+Extension.swift in Sources */ = {isa = PBXBuildFile; fileRef = D2965FAE260F42460009F9A4 /* UIButton+Extension.swift */; };
/* End PBXBuildFile section */

/* Begin PBXFileReference section */
		D2632F85260E3DAF00CFAEC6 /* Members.app */ = {isa = PBXFileReference; explicitFileType = wrapper.application; includeInIndex = 0; path = Members.app; sourceTree = BUILT_PRODUCTS_DIR; };
		D2632F88260E3DAF00CFAEC6 /* AppDelegate.swift */ = {isa = PBXFileReference; lastKnownFileType = sourcecode.swift; path = AppDelegate.swift; sourceTree = "<group>"; };
		D2632F8A260E3DAF00CFAEC6 /* SceneDelegate.swift */ = {isa = PBXFileReference; lastKnownFileType = sourcecode.swift; path = SceneDelegate.swift; sourceTree = "<group>"; };
		D2632F91260E3DB900CFAEC6 /* Assets.xcassets */ = {isa = PBXFileReference; lastKnownFileType = folder.assetcatalog; path = Assets.xcassets; sourceTree = "<group>"; };
		D2632F96260E3DBA00CFAEC6 /* Info.plist */ = {isa = PBXFileReference; lastKnownFileType = text.plist.xml; path = Info.plist; sourceTree = "<group>"; };
		D2632FA7260E43DC00CFAEC6 /* hipo.json */ = {isa = PBXFileReference; fileEncoding = 4; lastKnownFileType = text.json; path = hipo.json; sourceTree = "<group>"; };
		D2632FAA260E444900CFAEC6 /* Member.swift */ = {isa = PBXFileReference; lastKnownFileType = sourcecode.swift; path = Member.swift; sourceTree = "<group>"; };
		D2632FAD260E446200CFAEC6 /* Hipo.swift */ = {isa = PBXFileReference; lastKnownFileType = sourcecode.swift; path = Hipo.swift; sourceTree = "<group>"; };
		D2632FB0260E449500CFAEC6 /* Company.swift */ = {isa = PBXFileReference; lastKnownFileType = sourcecode.swift; path = Company.swift; sourceTree = "<group>"; };
		D2632FB4260E459900CFAEC6 /* ListViewController.swift */ = {isa = PBXFileReference; lastKnownFileType = sourcecode.swift; path = ListViewController.swift; sourceTree = "<group>"; };
		D2632FB8260E471000CFAEC6 /* Bundle+Extension.swift */ = {isa = PBXFileReference; lastKnownFileType = sourcecode.swift; path = "Bundle+Extension.swift"; sourceTree = "<group>"; };
		D2965FAA260F3BF30009F9A4 /* UCButton.swift */ = {isa = PBXFileReference; lastKnownFileType = sourcecode.swift; path = UCButton.swift; sourceTree = "<group>"; };
		D2965FAE260F42460009F9A4 /* UIButton+Extension.swift */ = {isa = PBXFileReference; lastKnownFileType = sourcecode.swift; path = "UIButton+Extension.swift"; sourceTree = "<group>"; };
/* End PBXFileReference section */

/* Begin PBXFrameworksBuildPhase section */
		D2632F82260E3DAF00CFAEC6 /* Frameworks */ = {
			isa = PBXFrameworksBuildPhase;
			buildActionMask = 2147483647;
			files = (
			);
			runOnlyForDeploymentPostprocessing = 0;
		};
/* End PBXFrameworksBuildPhase section */

/* Begin PBXGroup section */
		D2632F7C260E3DAF00CFAEC6 = {
			isa = PBXGroup;
			children = (
				D2632F87260E3DAF00CFAEC6 /* Members */,
				D2632F86260E3DAF00CFAEC6 /* Products */,
			);
			sourceTree = "<group>";
		};
		D2632F86260E3DAF00CFAEC6 /* Products */ = {
			isa = PBXGroup;
			children = (
				D2632F85260E3DAF00CFAEC6 /* Members.app */,
			);
			name = Products;
			sourceTree = "<group>";
		};
		D2632F87260E3DAF00CFAEC6 /* Members */ = {
			isa = PBXGroup;
			children = (
				D2632FA2260E429600CFAEC6 /* Models */,
				D2965FA9260F3AD60009F9A4 /* Views */,
				D2632FB3260E454200CFAEC6 /* Screens */,
				D2632FB7260E46F200CFAEC6 /* Extensions */,
				D2632F9F260E422D00CFAEC6 /* Supporting Files */,
				D2632F91260E3DB900CFAEC6 /* Assets.xcassets */,
				D2632F96260E3DBA00CFAEC6 /* Info.plist */,
			);
			path = Members;
			sourceTree = "<group>";
		};
		D2632F9F260E422D00CFAEC6 /* Supporting Files */ = {
			isa = PBXGroup;
			children = (
				D2632F88260E3DAF00CFAEC6 /* AppDelegate.swift */,
				D2632F8A260E3DAF00CFAEC6 /* SceneDelegate.swift */,
			);
			path = "Supporting Files";
			sourceTree = "<group>";
		};
		D2632FA2260E429600CFAEC6 /* Models */ = {
			isa = PBXGroup;
			children = (
				D2632FB0260E449500CFAEC6 /* Company.swift */,
				D2632FAA260E444900CFAEC6 /* Member.swift */,
				D2632FAD260E446200CFAEC6 /* Hipo.swift */,
				D2632FA7260E43DC00CFAEC6 /* hipo.json */,
			);
			path = Models;
			sourceTree = "<group>";
		};
		D2632FB3260E454200CFAEC6 /* Screens */ = {
			isa = PBXGroup;
			children = (
				D2632FB4260E459900CFAEC6 /* ListViewController.swift */,
			);
			path = Screens;
			sourceTree = "<group>";
		};
		D2632FB7260E46F200CFAEC6 /* Extensions */ = {
			isa = PBXGroup;
			children = (
				D2632FB8260E471000CFAEC6 /* Bundle+Extension.swift */,
				D2965FAE260F42460009F9A4 /* UIButton+Extension.swift */,
			);
			path = Extensions;
			sourceTree = "<group>";
		};
		D2965FA9260F3AD60009F9A4 /* Views */ = {
			isa = PBXGroup;
			children = (
				D2965FAA260F3BF30009F9A4 /* UCButton.swift */,
			);
			path = Views;
			sourceTree = "<group>";
		};
/* End PBXGroup section */

/* Begin PBXNativeTarget section */
		D2632F84260E3DAF00CFAEC6 /* Members */ = {
			isa = PBXNativeTarget;
			buildConfigurationList = D2632F99260E3DBA00CFAEC6 /* Build configuration list for PBXNativeTarget "Members" */;
			buildPhases = (
				D2632F81260E3DAF00CFAEC6 /* Sources */,
				D2632F82260E3DAF00CFAEC6 /* Frameworks */,
				D2632F83260E3DAF00CFAEC6 /* Resources */,
			);
			buildRules = (
			);
			dependencies = (
			);
			name = Members;
			productName = Members;
			productReference = D2632F85260E3DAF00CFAEC6 /* Members.app */;
			productType = "com.apple.product-type.application";
		};
/* End PBXNativeTarget section */

/* Begin PBXProject section */
		D2632F7D260E3DAF00CFAEC6 /* Project object */ = {
			isa = PBXProject;
			attributes = {
				LastSwiftUpdateCheck = 1200;
				LastUpgradeCheck = 1200;
				TargetAttributes = {
					D2632F84260E3DAF00CFAEC6 = {
						CreatedOnToolsVersion = 12.0.1;
					};
				};
			};
			buildConfigurationList = D2632F80260E3DAF00CFAEC6 /* Build configuration list for PBXProject "Members" */;
			compatibilityVersion = "Xcode 9.3";
			developmentRegion = en;
			hasScannedForEncodings = 0;
			knownRegions = (
				en,
				Base,
			);
			mainGroup = D2632F7C260E3DAF00CFAEC6;
			productRefGroup = D2632F86260E3DAF00CFAEC6 /* Products */;
			projectDirPath = "";
			projectRoot = "";
			targets = (
				D2632F84260E3DAF00CFAEC6 /* Members */,
			);
		};
/* End PBXProject section */

/* Begin PBXResourcesBuildPhase section */
		D2632F83260E3DAF00CFAEC6 /* Resources */ = {
			isa = PBXResourcesBuildPhase;
			buildActionMask = 2147483647;
			files = (
				D2632F92260E3DB900CFAEC6 /* Assets.xcassets in Resources */,
				D2632FA8260E43DC00CFAEC6 /* hipo.json in Resources */,
			);
			runOnlyForDeploymentPostprocessing = 0;
		};
/* End PBXResourcesBuildPhase section */

/* Begin PBXSourcesBuildPhase section */
		D2632F81260E3DAF00CFAEC6 /* Sources */ = {
			isa = PBXSourcesBuildPhase;
			buildActionMask = 2147483647;
			files = (
				D2632F89260E3DAF00CFAEC6 /* AppDelegate.swift in Sources */,
				D2632FB9260E471000CFAEC6 /* Bundle+Extension.swift in Sources */,
				D2632FAE260E446200CFAEC6 /* Hipo.swift in Sources */,
				D2632FB5260E459900CFAEC6 /* ListViewController.swift in Sources */,
				D2632FAB260E444900CFAEC6 /* Member.swift in Sources */,
				D2965FAF260F42460009F9A4 /* UIButton+Extension.swift in Sources */,
				D2965FAB260F3BF30009F9A4 /* UCButton.swift in Sources */,
				D2632FB1260E449500CFAEC6 /* Company.swift in Sources */,
				D2632F8B260E3DAF00CFAEC6 /* SceneDelegate.swift in Sources */,
			);
			runOnlyForDeploymentPostprocessing = 0;
		};
/* End PBXSourcesBuildPhase section */

/* Begin XCBuildConfiguration section */
		D2632F97260E3DBA00CFAEC6 /* Debug */ = {
			isa = XCBuildConfiguration;
			buildSettings = {
				ALWAYS_SEARCH_USER_PATHS = NO;
				CLANG_ANALYZER_NONNULL = YES;
				CLANG_ANALYZER_NUMBER_OBJECT_CONVERSION = YES_AGGRESSIVE;
				CLANG_CXX_LANGUAGE_STANDARD = "gnu++14";
				CLANG_CXX_LIBRARY = "libc++";
				CLANG_ENABLE_MODULES = YES;
				CLANG_ENABLE_OBJC_ARC = YES;
				CLANG_ENABLE_OBJC_WEAK = YES;
				CLANG_WARN_BLOCK_CAPTURE_AUTORELEASING = YES;
				CLANG_WARN_BOOL_CONVERSION = YES;
				CLANG_WARN_COMMA = YES;
				CLANG_WARN_CONSTANT_CONVERSION = YES;
				CLANG_WARN_DEPRECATED_OBJC_IMPLEMENTATIONS = YES;
				CLANG_WARN_DIRECT_OBJC_ISA_USAGE = YES_ERROR;
				CLANG_WARN_DOCUMENTATION_COMMENTS = YES;
				CLANG_WARN_EMPTY_BODY = YES;
				CLANG_WARN_ENUM_CONVERSION = YES;
				CLANG_WARN_INFINITE_RECURSION = YES;
				CLANG_WARN_INT_CONVERSION = YES;
				CLANG_WARN_NON_LITERAL_NULL_CONVERSION = YES;
				CLANG_WARN_OBJC_IMPLICIT_RETAIN_SELF = YES;
				CLANG_WARN_OBJC_LITERAL_CONVERSION = YES;
				CLANG_WARN_OBJC_ROOT_CLASS = YES_ERROR;
				CLANG_WARN_QUOTED_INCLUDE_IN_FRAMEWORK_HEADER = YES;
				CLANG_WARN_RANGE_LOOP_ANALYSIS = YES;
				CLANG_WARN_STRICT_PROTOTYPES = YES;
				CLANG_WARN_SUSPICIOUS_MOVE = YES;
				CLANG_WARN_UNGUARDED_AVAILABILITY = YES_AGGRESSIVE;
				CLANG_WARN_UNREACHABLE_CODE = YES;
				CLANG_WARN__DUPLICATE_METHOD_MATCH = YES;
				COPY_PHASE_STRIP = NO;
				DEBUG_INFORMATION_FORMAT = dwarf;
				ENABLE_STRICT_OBJC_MSGSEND = YES;
				ENABLE_TESTABILITY = YES;
				GCC_C_LANGUAGE_STANDARD = gnu11;
				GCC_DYNAMIC_NO_PIC = NO;
				GCC_NO_COMMON_BLOCKS = YES;
				GCC_OPTIMIZATION_LEVEL = 0;
				GCC_PREPROCESSOR_DEFINITIONS = (
					"DEBUG=1",
					"$(inherited)",
				);
				GCC_WARN_64_TO_32_BIT_CONVERSION = YES;
				GCC_WARN_ABOUT_RETURN_TYPE = YES_ERROR;
				GCC_WARN_UNDECLARED_SELECTOR = YES;
				GCC_WARN_UNINITIALIZED_AUTOS = YES_AGGRESSIVE;
				GCC_WARN_UNUSED_FUNCTION = YES;
				GCC_WARN_UNUSED_VARIABLE = YES;
				IPHONEOS_DEPLOYMENT_TARGET = 14.0;
				MTL_ENABLE_DEBUG_INFO = INCLUDE_SOURCE;
				MTL_FAST_MATH = YES;
				ONLY_ACTIVE_ARCH = YES;
				SDKROOT = iphoneos;
				SWIFT_ACTIVE_COMPILATION_CONDITIONS = DEBUG;
				SWIFT_OPTIMIZATION_LEVEL = "-Onone";
			};
			name = Debug;
		};
		D2632F98260E3DBA00CFAEC6 /* Release */ = {
			isa = XCBuildConfiguration;
			buildSettings = {
				ALWAYS_SEARCH_USER_PATHS = NO;
				CLANG_ANALYZER_NONNULL = YES;
				CLANG_ANALYZER_NUMBER_OBJECT_CONVERSION = YES_AGGRESSIVE;
				CLANG_CXX_LANGUAGE_STANDARD = "gnu++14";
				CLANG_CXX_LIBRARY = "libc++";
				CLANG_ENABLE_MODULES = YES;
				CLANG_ENABLE_OBJC_ARC = YES;
				CLANG_ENABLE_OBJC_WEAK = YES;
				CLANG_WARN_BLOCK_CAPTURE_AUTORELEASING = YES;
				CLANG_WARN_BOOL_CONVERSION = YES;
				CLANG_WARN_COMMA = YES;
				CLANG_WARN_CONSTANT_CONVERSION = YES;
				CLANG_WARN_DEPRECATED_OBJC_IMPLEMENTATIONS = YES;
				CLANG_WARN_DIRECT_OBJC_ISA_USAGE = YES_ERROR;
				CLANG_WARN_DOCUMENTATION_COMMENTS = YES;
				CLANG_WARN_EMPTY_BODY = YES;
				CLANG_WARN_ENUM_CONVERSION = YES;
				CLANG_WARN_INFINITE_RECURSION = YES;
				CLANG_WARN_INT_CONVERSION = YES;
				CLANG_WARN_NON_LITERAL_NULL_CONVERSION = YES;
				CLANG_WARN_OBJC_IMPLICIT_RETAIN_SELF = YES;
				CLANG_WARN_OBJC_LITERAL_CONVERSION = YES;
				CLANG_WARN_OBJC_ROOT_CLASS = YES_ERROR;
				CLANG_WARN_QUOTED_INCLUDE_IN_FRAMEWORK_HEADER = YES;
				CLANG_WARN_RANGE_LOOP_ANALYSIS = YES;
				CLANG_WARN_STRICT_PROTOTYPES = YES;
				CLANG_WARN_SUSPICIOUS_MOVE = YES;
				CLANG_WARN_UNGUARDED_AVAILABILITY = YES_AGGRESSIVE;
				CLANG_WARN_UNREACHABLE_CODE = YES;
				CLANG_WARN__DUPLICATE_METHOD_MATCH = YES;
				COPY_PHASE_STRIP = NO;
				DEBUG_INFORMATION_FORMAT = "dwarf-with-dsym";
				ENABLE_NS_ASSERTIONS = NO;
				ENABLE_STRICT_OBJC_MSGSEND = YES;
				GCC_C_LANGUAGE_STANDARD = gnu11;
				GCC_NO_COMMON_BLOCKS = YES;
				GCC_WARN_64_TO_32_BIT_CONVERSION = YES;
				GCC_WARN_ABOUT_RETURN_TYPE = YES_ERROR;
				GCC_WARN_UNDECLARED_SELECTOR = YES;
				GCC_WARN_UNINITIALIZED_AUTOS = YES_AGGRESSIVE;
				GCC_WARN_UNUSED_FUNCTION = YES;
				GCC_WARN_UNUSED_VARIABLE = YES;
				IPHONEOS_DEPLOYMENT_TARGET = 14.0;
				MTL_ENABLE_DEBUG_INFO = NO;
				MTL_FAST_MATH = YES;
				SDKROOT = iphoneos;
				SWIFT_COMPILATION_MODE = wholemodule;
				SWIFT_OPTIMIZATION_LEVEL = "-O";
				VALIDATE_PRODUCT = YES;
			};
			name = Release;
		};
		D2632F9A260E3DBA00CFAEC6 /* Debug */ = {
			isa = XCBuildConfiguration;
			buildSettings = {
				ASSETCATALOG_COMPILER_APPICON_NAME = AppIcon;
				ASSETCATALOG_COMPILER_GLOBAL_ACCENT_COLOR_NAME = AccentColor;
				CODE_SIGN_STYLE = Automatic;
				DEVELOPMENT_TEAM = 7995LB4979;
				INFOPLIST_FILE = Members/Info.plist;
				LD_RUNPATH_SEARCH_PATHS = (
					"$(inherited)",
					"@executable_path/Frameworks",
				);
				PRODUCT_BUNDLE_IDENTIFIER = com.ufukcanli.Members;
				PRODUCT_NAME = "$(TARGET_NAME)";
				SWIFT_VERSION = 5.0;
				TARGETED_DEVICE_FAMILY = "1,2";
			};
			name = Debug;
		};
		D2632F9B260E3DBA00CFAEC6 /* Release */ = {
			isa = XCBuildConfiguration;
			buildSettings = {
				ASSETCATALOG_COMPILER_APPICON_NAME = AppIcon;
				ASSETCATALOG_COMPILER_GLOBAL_ACCENT_COLOR_NAME = AccentColor;
				CODE_SIGN_STYLE = Automatic;
				DEVELOPMENT_TEAM = 7995LB4979;
				INFOPLIST_FILE = Members/Info.plist;
				LD_RUNPATH_SEARCH_PATHS = (
					"$(inherited)",
					"@executable_path/Frameworks",
				);
				PRODUCT_BUNDLE_IDENTIFIER = com.ufukcanli.Members;
				PRODUCT_NAME = "$(TARGET_NAME)";
				SWIFT_VERSION = 5.0;
				TARGETED_DEVICE_FAMILY = "1,2";
			};
			name = Release;
		};
/* End XCBuildConfiguration section */

/* Begin XCConfigurationList section */
		D2632F80260E3DAF00CFAEC6 /* Build configuration list for PBXProject "Members" */ = {
			isa = XCConfigurationList;
			buildConfigurations = (
				D2632F97260E3DBA00CFAEC6 /* Debug */,
				D2632F98260E3DBA00CFAEC6 /* Release */,
			);
			defaultConfigurationIsVisible = 0;
			defaultConfigurationName = Release;
		};
		D2632F99260E3DBA00CFAEC6 /* Build configuration list for PBXNativeTarget "Members" */ = {
			isa = XCConfigurationList;
			buildConfigurations = (
				D2632F9A260E3DBA00CFAEC6 /* Debug */,
				D2632F9B260E3DBA00CFAEC6 /* Release */,
			);
			defaultConfigurationIsVisible = 0;
			defaultConfigurationName = Release;
		};
/* End XCConfigurationList section */
	};
	rootObject = D2632F7D260E3DAF00CFAEC6 /* Project object */;
}
